// !$*UTF8*$!
{
	archiveVersion = 1;
	classes = {
	};
	objectVersion = 46;
	objects = {

/* Begin PBXBuildFile section */
		A34BAE691C602D3400027404 /* PlaybackAudioViewModel.swift in Sources */ = {isa = PBXBuildFile; fileRef = A34BAE681C602D3400027404 /* PlaybackAudioViewModel.swift */; };
		A3B5574F1C57EA02001C3F99 /* AppDelegate.swift in Sources */ = {isa = PBXBuildFile; fileRef = A3B5574E1C57EA02001C3F99 /* AppDelegate.swift */; };
		A3B557511C57EA02001C3F99 /* RecordAudioViewController.swift in Sources */ = {isa = PBXBuildFile; fileRef = A3B557501C57EA02001C3F99 /* RecordAudioViewController.swift */; };
		A3B557541C57EA02001C3F99 /* Main.storyboard in Resources */ = {isa = PBXBuildFile; fileRef = A3B557521C57EA02001C3F99 /* Main.storyboard */; };
		A3B557561C57EA02001C3F99 /* Assets.xcassets in Resources */ = {isa = PBXBuildFile; fileRef = A3B557551C57EA02001C3F99 /* Assets.xcassets */; };
		A3B557591C57EA02001C3F99 /* LaunchScreen.storyboard in Resources */ = {isa = PBXBuildFile; fileRef = A3B557571C57EA02001C3F99 /* LaunchScreen.storyboard */; };
		A3B557611C57EF03001C3F99 /* PlaybackAudioViewController.swift in Sources */ = {isa = PBXBuildFile; fileRef = A3B557601C57EF03001C3F99 /* PlaybackAudioViewController.swift */; };
		A3B557631C57EFD8001C3F99 /* RecordAudioView.swift in Sources */ = {isa = PBXBuildFile; fileRef = A3B557621C57EFD8001C3F99 /* RecordAudioView.swift */; };
		A3B557671C57F48E001C3F99 /* Constants.swift in Sources */ = {isa = PBXBuildFile; fileRef = A3B557661C57F48E001C3F99 /* Constants.swift */; };
		A3F5A1281C5936D000F28DB1 /* LocalizedStrings.swift in Sources */ = {isa = PBXBuildFile; fileRef = A3F5A1271C5936D000F28DB1 /* LocalizedStrings.swift */; };
		A3F5A12A1C59386F00F28DB1 /* PlaybackAudioView.swift in Sources */ = {isa = PBXBuildFile; fileRef = A3F5A1291C59386F00F28DB1 /* PlaybackAudioView.swift */; };
		A3F5A12C1C5943A600F28DB1 /* AudioController.swift in Sources */ = {isa = PBXBuildFile; fileRef = A3F5A12B1C5943A600F28DB1 /* AudioController.swift */; };
		A3FF0CC81C5B13B5005FC23F /* Magic.swift in Sources */ = {isa = PBXBuildFile; fileRef = A3FF0CC71C5B13B5005FC23F /* Magic.swift */; };
		A3FF0CCA1C5C0122005FC23F /* RecordedAudio.swift in Sources */ = {isa = PBXBuildFile; fileRef = A3FF0CC91C5C0122005FC23F /* RecordedAudio.swift */; };
/* End PBXBuildFile section */

/* Begin PBXFileReference section */
		A34BAE681C602D3400027404 /* PlaybackAudioViewModel.swift */ = {isa = PBXFileReference; fileEncoding = 4; lastKnownFileType = sourcecode.swift; path = PlaybackAudioViewModel.swift; sourceTree = "<group>"; };
		A3B5574B1C57EA01001C3F99 /* Pitch Perfect.app */ = {isa = PBXFileReference; explicitFileType = wrapper.application; includeInIndex = 0; path = "Pitch Perfect.app"; sourceTree = BUILT_PRODUCTS_DIR; };
		A3B5574E1C57EA02001C3F99 /* AppDelegate.swift */ = {isa = PBXFileReference; lastKnownFileType = sourcecode.swift; path = AppDelegate.swift; sourceTree = "<group>"; };
		A3B557501C57EA02001C3F99 /* RecordAudioViewController.swift */ = {isa = PBXFileReference; lastKnownFileType = sourcecode.swift; path = RecordAudioViewController.swift; sourceTree = "<group>"; };
		A3B557531C57EA02001C3F99 /* Base */ = {isa = PBXFileReference; lastKnownFileType = file.storyboard; name = Base; path = Base.lproj/Main.storyboard; sourceTree = "<group>"; };
		A3B557551C57EA02001C3F99 /* Assets.xcassets */ = {isa = PBXFileReference; lastKnownFileType = folder.assetcatalog; path = Assets.xcassets; sourceTree = "<group>"; };
		A3B557581C57EA02001C3F99 /* Base */ = {isa = PBXFileReference; lastKnownFileType = file.storyboard; name = Base; path = Base.lproj/LaunchScreen.storyboard; sourceTree = "<group>"; };
		A3B5575A1C57EA02001C3F99 /* Info.plist */ = {isa = PBXFileReference; lastKnownFileType = text.plist.xml; path = Info.plist; sourceTree = "<group>"; };
		A3B557601C57EF03001C3F99 /* PlaybackAudioViewController.swift */ = {isa = PBXFileReference; fileEncoding = 4; lastKnownFileType = sourcecode.swift; path = PlaybackAudioViewController.swift; sourceTree = "<group>"; };
		A3B557621C57EFD8001C3F99 /* RecordAudioView.swift */ = {isa = PBXFileReference; fileEncoding = 4; lastKnownFileType = sourcecode.swift; path = RecordAudioView.swift; sourceTree = "<group>"; };
		A3B557661C57F48E001C3F99 /* Constants.swift */ = {isa = PBXFileReference; fileEncoding = 4; lastKnownFileType = sourcecode.swift; path = Constants.swift; sourceTree = "<group>"; };
		A3F5A1271C5936D000F28DB1 /* LocalizedStrings.swift */ = {isa = PBXFileReference; fileEncoding = 4; lastKnownFileType = sourcecode.swift; path = LocalizedStrings.swift; sourceTree = "<group>"; };
		A3F5A1291C59386F00F28DB1 /* PlaybackAudioView.swift */ = {isa = PBXFileReference; fileEncoding = 4; lastKnownFileType = sourcecode.swift; path = PlaybackAudioView.swift; sourceTree = "<group>"; };
		A3F5A12B1C5943A600F28DB1 /* AudioController.swift */ = {isa = PBXFileReference; fileEncoding = 4; lastKnownFileType = sourcecode.swift; path = AudioController.swift; sourceTree = "<group>"; };
		A3FF0CC71C5B13B5005FC23F /* Magic.swift */ = {isa = PBXFileReference; fileEncoding = 4; lastKnownFileType = sourcecode.swift; path = Magic.swift; sourceTree = "<group>"; };
		A3FF0CC91C5C0122005FC23F /* RecordedAudio.swift */ = {isa = PBXFileReference; fileEncoding = 4; lastKnownFileType = sourcecode.swift; path = RecordedAudio.swift; sourceTree = "<group>"; };
/* End PBXFileReference section */

/* Begin PBXFrameworksBuildPhase section */
		A3B557481C57EA01001C3F99 /* Frameworks */ = {
			isa = PBXFrameworksBuildPhase;
			buildActionMask = 2147483647;
			files = (
			);
			runOnlyForDeploymentPostprocessing = 0;
		};
/* End PBXFrameworksBuildPhase section */

/* Begin PBXGroup section */
		A3B557421C57EA01001C3F99 = {
			isa = PBXGroup;
			children = (
				A3B5574D1C57EA02001C3F99 /* Pitch Perfect */,
				A3B5574C1C57EA01001C3F99 /* Products */,
			);
			sourceTree = "<group>";
		};
		A3B5574C1C57EA01001C3F99 /* Products */ = {
			isa = PBXGroup;
			children = (
				A3B5574B1C57EA01001C3F99 /* Pitch Perfect.app */,
			);
			name = Products;
			sourceTree = "<group>";
		};
		A3B5574D1C57EA02001C3F99 /* Pitch Perfect */ = {
			isa = PBXGroup;
			children = (
				A3FF0CC71C5B13B5005FC23F /* Magic.swift */,
				A3F5A1271C5936D000F28DB1 /* LocalizedStrings.swift */,
				A3B557661C57F48E001C3F99 /* Constants.swift */,
				A3B5574E1C57EA02001C3F99 /* AppDelegate.swift */,
				A3F5A12B1C5943A600F28DB1 /* AudioController.swift */,
				A3FF0CC91C5C0122005FC23F /* RecordedAudio.swift */,
				A3B557641C57EFE3001C3F99 /* Record Audio */,
				A3B557651C57EFF0001C3F99 /* Playback Audio */,
				A3B557521C57EA02001C3F99 /* Main.storyboard */,
				A3B557551C57EA02001C3F99 /* Assets.xcassets */,
				A3B557571C57EA02001C3F99 /* LaunchScreen.storyboard */,
				A3B5575A1C57EA02001C3F99 /* Info.plist */,
			);
			path = "Pitch Perfect";
			sourceTree = "<group>";
		};
		A3B557641C57EFE3001C3F99 /* Record Audio */ = {
			isa = PBXGroup;
			children = (
				A3B557501C57EA02001C3F99 /* RecordAudioViewController.swift */,
				A3B557621C57EFD8001C3F99 /* RecordAudioView.swift */,
			);
			name = "Record Audio";
			sourceTree = "<group>";
		};
		A3B557651C57EFF0001C3F99 /* Playback Audio */ = {
			isa = PBXGroup;
			children = (
				A3B557601C57EF03001C3F99 /* PlaybackAudioViewController.swift */,
				A3F5A1291C59386F00F28DB1 /* PlaybackAudioView.swift */,
				A34BAE681C602D3400027404 /* PlaybackAudioViewModel.swift */,
			);
			name = "Playback Audio";
			sourceTree = "<group>";
		};
/* End PBXGroup section */

/* Begin PBXNativeTarget section */
		A3B5574A1C57EA01001C3F99 /* Pitch Perfect */ = {
			isa = PBXNativeTarget;
			buildConfigurationList = A3B5575D1C57EA02001C3F99 /* Build configuration list for PBXNativeTarget "Pitch Perfect" */;
			buildPhases = (
				A3B557471C57EA01001C3F99 /* Sources */,
				A3B557481C57EA01001C3F99 /* Frameworks */,
				A3B557491C57EA01001C3F99 /* Resources */,
				A3FF0CC61C5B0DE6005FC23F /* Update Build Number */,
			);
			buildRules = (
			);
			dependencies = (
			);
			name = "Pitch Perfect";
			productName = "Pitch Perfect";
			productReference = A3B5574B1C57EA01001C3F99 /* Pitch Perfect.app */;
			productType = "com.apple.product-type.application";
		};
/* End PBXNativeTarget section */

/* Begin PBXProject section */
		A3B557431C57EA01001C3F99 /* Project object */ = {
			isa = PBXProject;
			attributes = {
				LastSwiftUpdateCheck = 0720;
				LastUpgradeCheck = 0940;
				ORGANIZATIONNAME = "Slinging Pixels Media";
				TargetAttributes = {
					A3B5574A1C57EA01001C3F99 = {
						CreatedOnToolsVersion = 7.2;
					};
				};
			};
			buildConfigurationList = A3B557461C57EA01001C3F99 /* Build configuration list for PBXProject "Pitch Perfect" */;
			compatibilityVersion = "Xcode 3.2";
			developmentRegion = English;
			hasScannedForEncodings = 0;
			knownRegions = (
				en,
				Base,
			);
			mainGroup = A3B557421C57EA01001C3F99;
			productRefGroup = A3B5574C1C57EA01001C3F99 /* Products */;
			projectDirPath = "";
			projectRoot = "";
			targets = (
				A3B5574A1C57EA01001C3F99 /* Pitch Perfect */,
			);
		};
/* End PBXProject section */

/* Begin PBXResourcesBuildPhase section */
		A3B557491C57EA01001C3F99 /* Resources */ = {
			isa = PBXResourcesBuildPhase;
			buildActionMask = 2147483647;
			files = (
				A3B557591C57EA02001C3F99 /* LaunchScreen.storyboard in Resources */,
				A3B557561C57EA02001C3F99 /* Assets.xcassets in Resources */,
				A3B557541C57EA02001C3F99 /* Main.storyboard in Resources */,
			);
			runOnlyForDeploymentPostprocessing = 0;
		};
/* End PBXResourcesBuildPhase section */

/* Begin PBXShellScriptBuildPhase section */
		A3FF0CC61C5B0DE6005FC23F /* Update Build Number */ = {
			isa = PBXShellScriptBuildPhase;
			buildActionMask = 2147483647;
			files = (
			);
			inputPaths = (
			);
			name = "Update Build Number";
			outputPaths = (
			);
			runOnlyForDeploymentPostprocessing = 0;
			shellPath = /bin/sh;
			shellScript = "#\n# Set the build number to the current git commit count.\n# If we're using the Dev scheme, then we'll suffix the build\n# number with the current branch name, to make collisions\n# far less likely across feature branches.\n# Based on: http://w3facility.info/question/how-do-i-force-xcode-to-rebuild-the-info-plist-file-in-my-project-every-time-i-build-the-project/\n#\ngit=`sh /etc/profile; which git`\nappBuild=`\"$git\" rev-list --all |wc -l`\nif [ $CONFIGURATION = \"Debug\" ]; then\nbranchName=`\"$git\" rev-parse --abbrev-ref HEAD`\n/usr/libexec/PlistBuddy -c \"Set :CFBundleVersion $appBuild-$branchName\" \"${TARGET_BUILD_DIR}/${INFOPLIST_PATH}\"\nelse\n/usr/libexec/PlistBuddy -c \"Set :CFBundleVersion $appBuild\" \"${TARGET_BUILD_DIR}/${INFOPLIST_PATH}\"\nfi\necho \"Updated ${TARGET_BUILD_DIR}/${INFOPLIST_PATH}\"";
		};
/* End PBXShellScriptBuildPhase section */

/* Begin PBXSourcesBuildPhase section */
		A3B557471C57EA01001C3F99 /* Sources */ = {
			isa = PBXSourcesBuildPhase;
			buildActionMask = 2147483647;
			files = (
				A3F5A12C1C5943A600F28DB1 /* AudioController.swift in Sources */,
				A3B557671C57F48E001C3F99 /* Constants.swift in Sources */,
				A3FF0CC81C5B13B5005FC23F /* Magic.swift in Sources */,
				A3B557631C57EFD8001C3F99 /* RecordAudioView.swift in Sources */,
				A3FF0CCA1C5C0122005FC23F /* RecordedAudio.swift in Sources */,
				A3B557611C57EF03001C3F99 /* PlaybackAudioViewController.swift in Sources */,
				A3F5A1281C5936D000F28DB1 /* LocalizedStrings.swift in Sources */,
				A34BAE691C602D3400027404 /* PlaybackAudioViewModel.swift in Sources */,
				A3B557511C57EA02001C3F99 /* RecordAudioViewController.swift in Sources */,
				A3F5A12A1C59386F00F28DB1 /* PlaybackAudioView.swift in Sources */,
				A3B5574F1C57EA02001C3F99 /* AppDelegate.swift in Sources */,
			);
			runOnlyForDeploymentPostprocessing = 0;
		};
/* End PBXSourcesBuildPhase section */

/* Begin PBXVariantGroup section */
		A3B557521C57EA02001C3F99 /* Main.storyboard */ = {
			isa = PBXVariantGroup;
			children = (
				A3B557531C57EA02001C3F99 /* Base */,
			);
			name = Main.storyboard;
			sourceTree = "<group>";
		};
		A3B557571C57EA02001C3F99 /* LaunchScreen.storyboard */ = {
			isa = PBXVariantGroup;
			children = (
				A3B557581C57EA02001C3F99 /* Base */,
			);
			name = LaunchScreen.storyboard;
			sourceTree = "<group>";
		};
/* End PBXVariantGroup section */

/* Begin XCBuildConfiguration section */
		A3B5575B1C57EA02001C3F99 /* Debug */ = {
			isa = XCBuildConfiguration;
			buildSettings = {
				ALWAYS_SEARCH_USER_PATHS = NO;
				CLANG_CXX_LANGUAGE_STANDARD = "gnu++0x";
				CLANG_CXX_LIBRARY = "libc++";
				CLANG_ENABLE_MODULES = YES;
				CLANG_ENABLE_OBJC_ARC = YES;
				CLANG_WARN_BLOCK_CAPTURE_AUTORELEASING = YES;
				CLANG_WARN_BOOL_CONVERSION = YES;
				CLANG_WARN_COMMA = YES;
				CLANG_WARN_CONSTANT_CONVERSION = YES;
				CLANG_WARN_DEPRECATED_OBJC_IMPLEMENTATIONS = YES;
				CLANG_WARN_DIRECT_OBJC_ISA_USAGE = YES_ERROR;
				CLANG_WARN_EMPTY_BODY = YES;
				CLANG_WARN_ENUM_CONVERSION = YES;
				CLANG_WARN_INFINITE_RECURSION = YES;
				CLANG_WARN_INT_CONVERSION = YES;
				CLANG_WARN_NON_LITERAL_NULL_CONVERSION = YES;
				CLANG_WARN_OBJC_IMPLICIT_RETAIN_SELF = YES;
				CLANG_WARN_OBJC_LITERAL_CONVERSION = YES;
				CLANG_WARN_OBJC_ROOT_CLASS = YES_ERROR;
				CLANG_WARN_RANGE_LOOP_ANALYSIS = YES;
				CLANG_WARN_STRICT_PROTOTYPES = YES;
				CLANG_WARN_SUSPICIOUS_MOVE = YES;
				CLANG_WARN_UNREACHABLE_CODE = YES;
				CLANG_WARN__DUPLICATE_METHOD_MATCH = YES;
				"CODE_SIGN_IDENTITY[sdk=iphoneos*]" = "iPhone Developer";
				COPY_PHASE_STRIP = NO;
				DEBUG_INFORMATION_FORMAT = dwarf;
				ENABLE_STRICT_OBJC_MSGSEND = YES;
				ENABLE_TESTABILITY = YES;
				GCC_C_LANGUAGE_STANDARD = gnu99;
				GCC_DYNAMIC_NO_PIC = NO;
				GCC_NO_COMMON_BLOCKS = YES;
				GCC_OPTIMIZATION_LEVEL = 0;
				GCC_PREPROCESSOR_DEFINITIONS = (
					"DEBUG=1",
					"$(inherited)",
				);
				GCC_WARN_64_TO_32_BIT_CONVERSION = YES;
				GCC_WARN_ABOUT_RETURN_TYPE = YES_ERROR;
				GCC_WARN_UNDECLARED_SELECTOR = YES;
				GCC_WARN_UNINITIALIZED_AUTOS = YES_AGGRESSIVE;
				GCC_WARN_UNUSED_FUNCTION = YES;
				GCC_WARN_UNUSED_VARIABLE = YES;
				IPHONEOS_DEPLOYMENT_TARGET = 9.2;
				MTL_ENABLE_DEBUG_INFO = YES;
				ONLY_ACTIVE_ARCH = YES;
				SDKROOT = iphoneos;
				SWIFT_OPTIMIZATION_LEVEL = "-Onone";
				SWIFT_VERSION = 3.0;
			};
			name = Debug;
		};
		A3B5575C1C57EA02001C3F99 /* Release */ = {
			isa = XCBuildConfiguration;
			buildSettings = {
				ALWAYS_SEARCH_USER_PATHS = NO;
				CLANG_CXX_LANGUAGE_STANDARD = "gnu++0x";
				CLANG_CXX_LIBRARY = "libc++";
				CLANG_ENABLE_MODULES = YES;
				CLANG_ENABLE_OBJC_ARC = YES;
				CLANG_WARN_BLOCK_CAPTURE_AUTORELEASING = YES;
				CLANG_WARN_BOOL_CONVERSION = YES;
				CLANG_WARN_COMMA = YES;
				CLANG_WARN_CONSTANT_CONVERSION = YES;
				CLANG_WARN_DEPRECATED_OBJC_IMPLEMENTATIONS = YES;
				CLANG_WARN_DIRECT_OBJC_ISA_USAGE = YES_ERROR;
				CLANG_WARN_EMPTY_BODY = YES;
				CLANG_WARN_ENUM_CONVERSION = YES;
				CLANG_WARN_INFINITE_RECURSION = YES;
				CLANG_WARN_INT_CONVERSION = YES;
				CLANG_WARN_NON_LITERAL_NULL_CONVERSION = YES;
				CLANG_WARN_OBJC_IMPLICIT_RETAIN_SELF = YES;
				CLANG_WARN_OBJC_LITERAL_CONVERSION = YES;
				CLANG_WARN_OBJC_ROOT_CLASS = YES_ERROR;
				CLANG_WARN_RANGE_LOOP_ANALYSIS = YES;
				CLANG_WARN_STRICT_PROTOTYPES = YES;
				CLANG_WARN_SUSPICIOUS_MOVE = YES;
				CLANG_WARN_UNREACHABLE_CODE = YES;
				CLANG_WARN__DUPLICATE_METHOD_MATCH = YES;
				"CODE_SIGN_IDENTITY[sdk=iphoneos*]" = "iPhone Developer";
				COPY_PHASE_STRIP = NO;
				DEBUG_INFORMATION_FORMAT = "dwarf-with-dsym";
				ENABLE_NS_ASSERTIONS = NO;
				ENABLE_STRICT_OBJC_MSGSEND = YES;
				GCC_C_LANGUAGE_STANDARD = gnu99;
				GCC_NO_COMMON_BLOCKS = YES;
				GCC_WARN_64_TO_32_BIT_CONVERSION = YES;
				GCC_WARN_ABOUT_RETURN_TYPE = YES_ERROR;
				GCC_WARN_UNDECLARED_SELECTOR = YES;
				GCC_WARN_UNINITIALIZED_AUTOS = YES_AGGRESSIVE;
				GCC_WARN_UNUSED_FUNCTION = YES;
				GCC_WARN_UNUSED_VARIABLE = YES;
				IPHONEOS_DEPLOYMENT_TARGET = 9.2;
				MTL_ENABLE_DEBUG_INFO = NO;
				SDKROOT = iphoneos;
				SWIFT_COMPILATION_MODE = wholemodule;
				SWIFT_VERSION = 3.0;
				VALIDATE_PRODUCT = YES;
			};
			name = Release;
		};
		A3B5575E1C57EA02001C3F99 /* Debug */ = {
			isa = XCBuildConfiguration;
			buildSettings = {
				ASSETCATALOG_COMPILER_APPICON_NAME = AppIcon;
				INFOPLIST_FILE = "Pitch Perfect/Info.plist";
				LD_RUNPATH_SEARCH_PATHS = "$(inherited) @executable_path/Frameworks";
				PRODUCT_BUNDLE_IDENTIFIER = "com.slingingpixels.Pitch-Perfect";
				PRODUCT_NAME = "$(TARGET_NAME)";
			};
			name = Debug;
		};
		A3B5575F1C57EA02001C3F99 /* Release */ = {
			isa = XCBuildConfiguration;
			buildSettings = {
				ASSETCATALOG_COMPILER_APPICON_NAME = AppIcon;
				INFOPLIST_FILE = "Pitch Perfect/Info.plist";
				LD_RUNPATH_SEARCH_PATHS = "$(inherited) @executable_path/Frameworks";
				PRODUCT_BUNDLE_IDENTIFIER = "com.slingingpixels.Pitch-Perfect";
				PRODUCT_NAME = "$(TARGET_NAME)";
			};
			name = Release;
		};
/* End XCBuildConfiguration section */

/* Begin XCConfigurationList section */
		A3B557461C57EA01001C3F99 /* Build configuration list for PBXProject "Pitch Perfect" */ = {
			isa = XCConfigurationList;
			buildConfigurations = (
				A3B5575B1C57EA02001C3F99 /* Debug */,
				A3B5575C1C57EA02001C3F99 /* Release */,
			);
			defaultConfigurationIsVisible = 0;
			defaultConfigurationName = Release;
		};
		A3B5575D1C57EA02001C3F99 /* Build configuration list for PBXNativeTarget "Pitch Perfect" */ = {
			isa = XCConfigurationList;
			buildConfigurations = (
				A3B5575E1C57EA02001C3F99 /* Debug */,
				A3B5575F1C57EA02001C3F99 /* Release */,
			);
			defaultConfigurationIsVisible = 0;
			defaultConfigurationName = Release;
		};
/* End XCConfigurationList section */
	};
	rootObject = A3B557431C57EA01001C3F99 /* Project object */;
}
